
Microsoft Visual Studio Solution File, Format Version 12.00
# Visual Studio Version 17
VisualStudioVersion = 17.8.34322.80
MinimumVisualStudioVersion = 10.0.40219.1
Project("{9A19103F-16F7-4668-BE54-9A1E7A4F7556}") = "CursoOnline.Dominio", "CursoOnline.Dominio\CursoOnline.Dominio.csproj", "{671F78C2-6C20-44D9-BDA0-29D0501851C1}"
EndProject
Project("{9A19103F-16F7-4668-BE54-9A1E7A4F7556}") = "CursoOnline.DominioTest", "CursoOnline.DominioTeste\CursoOnline.DominioTest.csproj", "{698A238D-5CEE-452B-BEB0-4FB20FBD4C21}"
EndProject
Global
	GlobalSection(SolutionConfigurationPlatforms) = preSolution
		Debug|Any CPU = Debug|Any CPU
		Release|Any CPU = Release|Any CPU
	EndGlobalSection
	GlobalSection(ProjectConfigurationPlatforms) = postSolution
		{671F78C2-6C20-44D9-BDA0-29D0501851C1}.Debug|Any CPU.ActiveCfg = Debug|Any CPU
		{671F78C2-6C20-44D9-BDA0-29D0501851C1}.Debug|Any CPU.Build.0 = Debug|Any CPU
		{671F78C2-6C20-44D9-BDA0-29D0501851C1}.Release|Any CPU.ActiveCfg = Release|Any CPU
		{671F78C2-6C20-44D9-BDA0-29D0501851C1}.Release|Any CPU.Build.0 = Release|Any CPU
		{698A238D-5CEE-452B-BEB0-4FB20FBD4C21}.Debug|Any CPU.ActiveCfg = Debug|Any CPU
		{698A238D-5CEE-452B-BEB0-4FB20FBD4C21}.Debug|Any CPU.Build.0 = Debug|Any CPU
		{698A238D-5CEE-452B-BEB0-4FB20FBD4C21}.Release|Any CPU.ActiveCfg = Release|Any CPU
		{698A238D-5CEE-452B-BEB0-4FB20FBD4C21}.Release|Any CPU.Build.0 = Release|Any CPU
	EndGlobalSection
	GlobalSection(SolutionProperties) = preSolution
		HideSolutionNode = FALSE
	EndGlobalSection
	GlobalSection(ExtensibilityGlobals) = postSolution
		SolutionGuid = {1C55FA43-6026-416F-AFC7-5D18F1D9C584}
	EndGlobalSection
EndGlobal
